
Microsoft Visual Studio Solution File, Format Version 12.00
# Visual Studio 15
VisualStudioVersion = 15.0.27428.2043
MinimumVisualStudioVersion = 10.0.40219.1
Project("{9A19103F-16F7-4668-BE54-9A1E7A4F7556}") = "ChallengeProblem3.2", "ChallengeProblem3.2\ChallengeProblem3.2.csproj", "{BE3D8B05-D534-44AB-B6A7-6D9AAF221B8E}"
EndProject
Project("{9A19103F-16F7-4668-BE54-9A1E7A4F7556}") = "3.2Studio", "3.2Studio\3.2Studio.csproj", "{D278E6D8-04A0-4605-ADD8-E36C7F5F7945}"
EndProject
Project("{9A19103F-16F7-4668-BE54-9A1E7A4F7556}") = "ChallengeProblem3.3", "ChallengeProblem3.3\ChallengeProblem3.3.csproj", "{32B6F3FE-4EB3-45A0-BF7E-0AA2C314D62E}"
EndProject
Project("{9A19103F-16F7-4668-BE54-9A1E7A4F7556}") = "Studio3.3", "Studio3.3\Studio3.3.csproj", "{2BB391C1-A705-411D-8008-9F8F03B9E51F}"
EndProject
Project("{9A19103F-16F7-4668-BE54-9A1E7A4F7556}") = "CheeseMVC", "CheeseMVC\CheeseMVC.csproj", "{D3094E1C-6DBD-44BD-BE37-00437C084477}"
EndProject
Project("{9A19103F-16F7-4668-BE54-9A1E7A4F7556}") = "RestaurantMenu", "RestaurantMenu\RestaurantMenu.csproj", "{DD29E050-6D08-42EC-A152-79BC777D0EF7}"
EndProject
Project("{FAE04EC0-301F-11D3-BF4B-00C04F79EFBC}") = "QuizApp", "QuizApp\QuizApp.csproj", "{FD3E6788-5197-4DEC-8010-C0551C6AF55D}"
EndProject
Global
	GlobalSection(SolutionConfigurationPlatforms) = preSolution
		Debug|Any CPU = Debug|Any CPU
		Release|Any CPU = Release|Any CPU
	EndGlobalSection
	GlobalSection(ProjectConfigurationPlatforms) = postSolution
		{BE3D8B05-D534-44AB-B6A7-6D9AAF221B8E}.Debug|Any CPU.ActiveCfg = Debug|Any CPU
		{BE3D8B05-D534-44AB-B6A7-6D9AAF221B8E}.Debug|Any CPU.Build.0 = Debug|Any CPU
		{BE3D8B05-D534-44AB-B6A7-6D9AAF221B8E}.Release|Any CPU.ActiveCfg = Release|Any CPU
		{BE3D8B05-D534-44AB-B6A7-6D9AAF221B8E}.Release|Any CPU.Build.0 = Release|Any CPU
		{D278E6D8-04A0-4605-ADD8-E36C7F5F7945}.Debug|Any CPU.ActiveCfg = Debug|Any CPU
		{D278E6D8-04A0-4605-ADD8-E36C7F5F7945}.Debug|Any CPU.Build.0 = Debug|Any CPU
		{D278E6D8-04A0-4605-ADD8-E36C7F5F7945}.Release|Any CPU.ActiveCfg = Release|Any CPU
		{D278E6D8-04A0-4605-ADD8-E36C7F5F7945}.Release|Any CPU.Build.0 = Release|Any CPU
		{32B6F3FE-4EB3-45A0-BF7E-0AA2C314D62E}.Debug|Any CPU.ActiveCfg = Debug|Any CPU
		{32B6F3FE-4EB3-45A0-BF7E-0AA2C314D62E}.Debug|Any CPU.Build.0 = Debug|Any CPU
		{32B6F3FE-4EB3-45A0-BF7E-0AA2C314D62E}.Release|Any CPU.ActiveCfg = Release|Any CPU
		{32B6F3FE-4EB3-45A0-BF7E-0AA2C314D62E}.Release|Any CPU.Build.0 = Release|Any CPU
		{2BB391C1-A705-411D-8008-9F8F03B9E51F}.Debug|Any CPU.ActiveCfg = Debug|Any CPU
		{2BB391C1-A705-411D-8008-9F8F03B9E51F}.Debug|Any CPU.Build.0 = Debug|Any CPU
		{2BB391C1-A705-411D-8008-9F8F03B9E51F}.Release|Any CPU.ActiveCfg = Release|Any CPU
		{2BB391C1-A705-411D-8008-9F8F03B9E51F}.Release|Any CPU.Build.0 = Release|Any CPU
		{D3094E1C-6DBD-44BD-BE37-00437C084477}.Debug|Any CPU.ActiveCfg = Debug|Any CPU
		{D3094E1C-6DBD-44BD-BE37-00437C084477}.Debug|Any CPU.Build.0 = Debug|Any CPU
		{D3094E1C-6DBD-44BD-BE37-00437C084477}.Release|Any CPU.ActiveCfg = Release|Any CPU
		{D3094E1C-6DBD-44BD-BE37-00437C084477}.Release|Any CPU.Build.0 = Release|Any CPU
		{DD29E050-6D08-42EC-A152-79BC777D0EF7}.Debug|Any CPU.ActiveCfg = Debug|Any CPU
		{DD29E050-6D08-42EC-A152-79BC777D0EF7}.Debug|Any CPU.Build.0 = Debug|Any CPU
		{DD29E050-6D08-42EC-A152-79BC777D0EF7}.Release|Any CPU.ActiveCfg = Release|Any CPU
		{DD29E050-6D08-42EC-A152-79BC777D0EF7}.Release|Any CPU.Build.0 = Release|Any CPU
		{FD3E6788-5197-4DEC-8010-C0551C6AF55D}.Debug|Any CPU.ActiveCfg = Debug|Any CPU
		{FD3E6788-5197-4DEC-8010-C0551C6AF55D}.Debug|Any CPU.Build.0 = Debug|Any CPU
		{FD3E6788-5197-4DEC-8010-C0551C6AF55D}.Release|Any CPU.ActiveCfg = Release|Any CPU
		{FD3E6788-5197-4DEC-8010-C0551C6AF55D}.Release|Any CPU.Build.0 = Release|Any CPU
	EndGlobalSection
	GlobalSection(SolutionProperties) = preSolution
		HideSolutionNode = FALSE
	EndGlobalSection
	GlobalSection(ExtensibilityGlobals) = postSolution
		SolutionGuid = {F1F98E76-2023-415A-B28C-F683606C5A7D}
	EndGlobalSection
EndGlobal
